
Microsoft Visual Studio Solution File, Format Version 12.00
# Visual Studio Version 17
VisualStudioVersion = 17.5.33424.131
MinimumVisualStudioVersion = 10.0.40219.1
Project("{FAE04EC0-301F-11D3-BF4B-00C04F79EFBC}") = "PersonAddresses", "PersonAddresses\PersonAddresses.csproj", "{96B97467-7C58-4F8A-AF7A-6653D03EBEE9}"
EndProject
Project("{FAE04EC0-301F-11D3-BF4B-00C04F79EFBC}") = "PersonAddressLibrary", "PersonAddressLibrary\PersonAddressLibrary.csproj", "{99BF0649-9B78-4D77-B5A2-06DA9D13BB05}"
EndProject
Global
	GlobalSection(SolutionConfigurationPlatforms) = preSolution
		Debug|Any CPU = Debug|Any CPU
		Release|Any CPU = Release|Any CPU
	EndGlobalSection
	GlobalSection(ProjectConfigurationPlatforms) = postSolution
		{96B97467-7C58-4F8A-AF7A-6653D03EBEE9}.Debug|Any CPU.ActiveCfg = Debug|Any CPU
		{96B97467-7C58-4F8A-AF7A-6653D03EBEE9}.Debug|Any CPU.Build.0 = Debug|Any CPU
		{96B97467-7C58-4F8A-AF7A-6653D03EBEE9}.Release|Any CPU.ActiveCfg = Release|Any CPU
		{96B97467-7C58-4F8A-AF7A-6653D03EBEE9}.Release|Any CPU.Build.0 = Release|Any CPU
		{99BF0649-9B78-4D77-B5A2-06DA9D13BB05}.Debug|Any CPU.ActiveCfg = Debug|Any CPU
		{99BF0649-9B78-4D77-B5A2-06DA9D13BB05}.Debug|Any CPU.Build.0 = Debug|Any CPU
		{99BF0649-9B78-4D77-B5A2-06DA9D13BB05}.Release|Any CPU.ActiveCfg = Release|Any CPU
		{99BF0649-9B78-4D77-B5A2-06DA9D13BB05}.Release|Any CPU.Build.0 = Release|Any CPU
	EndGlobalSection
	GlobalSection(SolutionProperties) = preSolution
		HideSolutionNode = FALSE
	EndGlobalSection
	GlobalSection(ExtensibilityGlobals) = postSolution
		SolutionGuid = {C88BE53E-2B39-4196-8116-E3FA72B98F22}
	EndGlobalSection
EndGlobal
